// !$*UTF8*$!
{
	archiveVersion = 1;
	classes = {
	};
	objectVersion = 56;
	objects = {

/* Begin PBXBuildFile section */
		738573D02A21982D00639595 /* InstragranclonApp.swift in Sources */ = {isa = PBXBuildFile; fileRef = 738573CF2A21982D00639595 /* InstragranclonApp.swift */; };
		738573D22A21982D00639595 /* ContentView.swift in Sources */ = {isa = PBXBuildFile; fileRef = 738573D12A21982D00639595 /* ContentView.swift */; };
		738573D42A21982F00639595 /* Assets.xcassets in Resources */ = {isa = PBXBuildFile; fileRef = 738573D32A21982F00639595 /* Assets.xcassets */; };
		738573D72A21982F00639595 /* Preview Assets.xcassets in Resources */ = {isa = PBXBuildFile; fileRef = 738573D62A21982F00639595 /* Preview Assets.xcassets */; };
		738573DF2A219A8E00639595 /* UserModel.swift in Sources */ = {isa = PBXBuildFile; fileRef = 738573DE2A219A8E00639595 /* UserModel.swift */; };
		738573E22A21ABDE00639595 /* ViewModel.swift in Sources */ = {isa = PBXBuildFile; fileRef = 738573E12A21ABDE00639595 /* ViewModel.swift */; };
		738573E72A21CED800639595 /* StoryView.swift in Sources */ = {isa = PBXBuildFile; fileRef = 738573E62A21CED800639595 /* StoryView.swift */; };
		738573E92A21CFA300639595 /* TabViewCustom.swift in Sources */ = {isa = PBXBuildFile; fileRef = 738573E82A21CFA300639595 /* TabViewCustom.swift */; };
		738573EB2A21CFC300639595 /* TimelineView.swift in Sources */ = {isa = PBXBuildFile; fileRef = 738573EA2A21CFC300639595 /* TimelineView.swift */; };
/* End PBXBuildFile section */

/* Begin PBXFileReference section */
		738573CC2A21982D00639595 /* Instragranclon.app */ = {isa = PBXFileReference; explicitFileType = wrapper.application; includeInIndex = 0; path = Instragranclon.app; sourceTree = BUILT_PRODUCTS_DIR; };
		738573CF2A21982D00639595 /* InstragranclonApp.swift */ = {isa = PBXFileReference; lastKnownFileType = sourcecode.swift; path = InstragranclonApp.swift; sourceTree = "<group>"; };
		738573D12A21982D00639595 /* ContentView.swift */ = {isa = PBXFileReference; lastKnownFileType = sourcecode.swift; path = ContentView.swift; sourceTree = "<group>"; };
		738573D32A21982F00639595 /* Assets.xcassets */ = {isa = PBXFileReference; lastKnownFileType = folder.assetcatalog; path = Assets.xcassets; sourceTree = "<group>"; };
		738573D62A21982F00639595 /* Preview Assets.xcassets */ = {isa = PBXFileReference; lastKnownFileType = folder.assetcatalog; path = "Preview Assets.xcassets"; sourceTree = "<group>"; };
		738573DE2A219A8E00639595 /* UserModel.swift */ = {isa = PBXFileReference; lastKnownFileType = sourcecode.swift; path = UserModel.swift; sourceTree = "<group>"; };
		738573E12A21ABDE00639595 /* ViewModel.swift */ = {isa = PBXFileReference; lastKnownFileType = sourcecode.swift; path = ViewModel.swift; sourceTree = "<group>"; };
		738573E62A21CED800639595 /* StoryView.swift */ = {isa = PBXFileReference; lastKnownFileType = sourcecode.swift; path = StoryView.swift; sourceTree = "<group>"; };
		738573E82A21CFA300639595 /* TabViewCustom.swift */ = {isa = PBXFileReference; lastKnownFileType = sourcecode.swift; path = TabViewCustom.swift; sourceTree = "<group>"; };
		738573EA2A21CFC300639595 /* TimelineView.swift */ = {isa = PBXFileReference; lastKnownFileType = sourcecode.swift; path = TimelineView.swift; sourceTree = "<group>"; };
/* End PBXFileReference section */

/* Begin PBXFrameworksBuildPhase section */
		738573C92A21982D00639595 /* Frameworks */ = {
			isa = PBXFrameworksBuildPhase;
			buildActionMask = 2147483647;
			files = (
			);
			runOnlyForDeploymentPostprocessing = 0;
		};
/* End PBXFrameworksBuildPhase section */

/* Begin PBXGroup section */
		738573C32A21982D00639595 = {
			isa = PBXGroup;
			children = (
				738573CE2A21982D00639595 /* Instragranclon */,
				738573CD2A21982D00639595 /* Products */,
			);
			sourceTree = "<group>";
		};
		738573CD2A21982D00639595 /* Products */ = {
			isa = PBXGroup;
			children = (
				738573CC2A21982D00639595 /* Instragranclon.app */,
			);
			name = Products;
			sourceTree = "<group>";
		};
		738573CE2A21982D00639595 /* Instragranclon */ = {
			isa = PBXGroup;
			children = (
				738573E32A21C2CD00639595 /* Views */,
				738573E02A21ABB000639595 /* ViewModel */,
				738573DD2A219A6A00639595 /* Model */,
				738573CF2A21982D00639595 /* InstragranclonApp.swift */,
				738573D12A21982D00639595 /* ContentView.swift */,
				738573D32A21982F00639595 /* Assets.xcassets */,
				738573D52A21982F00639595 /* Preview Content */,
			);
			path = Instragranclon;
			sourceTree = "<group>";
		};
		738573D52A21982F00639595 /* Preview Content */ = {
			isa = PBXGroup;
			children = (
				738573D62A21982F00639595 /* Preview Assets.xcassets */,
			);
			path = "Preview Content";
			sourceTree = "<group>";
		};
		738573DD2A219A6A00639595 /* Model */ = {
			isa = PBXGroup;
			children = (
				738573DE2A219A8E00639595 /* UserModel.swift */,
			);
			path = Model;
			sourceTree = "<group>";
		};
		738573E02A21ABB000639595 /* ViewModel */ = {
			isa = PBXGroup;
			children = (
				738573E12A21ABDE00639595 /* ViewModel.swift */,
			);
			path = ViewModel;
			sourceTree = "<group>";
		};
		738573E32A21C2CD00639595 /* Views */ = {
			isa = PBXGroup;
			children = (
				738573E62A21CED800639595 /* StoryView.swift */,
				738573E82A21CFA300639595 /* TabViewCustom.swift */,
				738573EA2A21CFC300639595 /* TimelineView.swift */,
			);
			path = Views;
			sourceTree = "<group>";
		};
/* End PBXGroup section */

/* Begin PBXNativeTarget section */
		738573CB2A21982D00639595 /* Instragranclon */ = {
			isa = PBXNativeTarget;
			buildConfigurationList = 738573DA2A21982F00639595 /* Build configuration list for PBXNativeTarget "Instragranclon" */;
			buildPhases = (
				738573C82A21982D00639595 /* Sources */,
				738573C92A21982D00639595 /* Frameworks */,
				738573CA2A21982D00639595 /* Resources */,
			);
			buildRules = (
			);
			dependencies = (
			);
			name = Instragranclon;
			productName = Instragranclon;
			productReference = 738573CC2A21982D00639595 /* Instragranclon.app */;
			productType = "com.apple.product-type.application";
		};
/* End PBXNativeTarget section */

/* Begin PBXProject section */
		738573C42A21982D00639595 /* Project object */ = {
			isa = PBXProject;
			attributes = {
				BuildIndependentTargetsInParallel = 1;
				LastSwiftUpdateCheck = 1430;
				LastUpgradeCheck = 1430;
				TargetAttributes = {
					738573CB2A21982D00639595 = {
						CreatedOnToolsVersion = 14.3;
					};
				};
			};
			buildConfigurationList = 738573C72A21982D00639595 /* Build configuration list for PBXProject "Instragranclon" */;
			compatibilityVersion = "Xcode 14.0";
			developmentRegion = en;
			hasScannedForEncodings = 0;
			knownRegions = (
				en,
				Base,
			);
			mainGroup = 738573C32A21982D00639595;
			productRefGroup = 738573CD2A21982D00639595 /* Products */;
			projectDirPath = "";
			projectRoot = "";
			targets = (
				738573CB2A21982D00639595 /* Instragranclon */,
			);
		};
/* End PBXProject section */

/* Begin PBXResourcesBuildPhase section */
		738573CA2A21982D00639595 /* Resources */ = {
			isa = PBXResourcesBuildPhase;
			buildActionMask = 2147483647;
			files = (
				738573D72A21982F00639595 /* Preview Assets.xcassets in Resources */,
				738573D42A21982F00639595 /* Assets.xcassets in Resources */,
			);
			runOnlyForDeploymentPostprocessing = 0;
		};
/* End PBXResourcesBuildPhase section */

/* Begin PBXSourcesBuildPhase section */
		738573C82A21982D00639595 /* Sources */ = {
			isa = PBXSourcesBuildPhase;
			buildActionMask = 2147483647;
			files = (
				738573E72A21CED800639595 /* StoryView.swift in Sources */,
				738573EB2A21CFC300639595 /* TimelineView.swift in Sources */,
				738573D22A21982D00639595 /* ContentView.swift in Sources */,
				738573DF2A219A8E00639595 /* UserModel.swift in Sources */,
				738573E22A21ABDE00639595 /* ViewModel.swift in Sources */,
				738573D02A21982D00639595 /* InstragranclonApp.swift in Sources */,
				738573E92A21CFA300639595 /* TabViewCustom.swift in Sources */,
			);
			runOnlyForDeploymentPostprocessing = 0;
		};
/* End PBXSourcesBuildPhase section */

/* Begin XCBuildConfiguration section */
		738573D82A21982F00639595 /* Debug */ = {
			isa = XCBuildConfiguration;
			buildSettings = {
				ALWAYS_SEARCH_USER_PATHS = NO;
				CLANG_ANALYZER_NONNULL = YES;
				CLANG_ANALYZER_NUMBER_OBJECT_CONVERSION = YES_AGGRESSIVE;
				CLANG_CXX_LANGUAGE_STANDARD = "gnu++20";
				CLANG_ENABLE_MODULES = YES;
				CLANG_ENABLE_OBJC_ARC = YES;
				CLANG_ENABLE_OBJC_WEAK = YES;
				CLANG_WARN_BLOCK_CAPTURE_AUTORELEASING = YES;
				CLANG_WARN_BOOL_CONVERSION = YES;
				CLANG_WARN_COMMA = YES;
				CLANG_WARN_CONSTANT_CONVERSION = YES;
				CLANG_WARN_DEPRECATED_OBJC_IMPLEMENTATIONS = YES;
				CLANG_WARN_DIRECT_OBJC_ISA_USAGE = YES_ERROR;
				CLANG_WARN_DOCUMENTATION_COMMENTS = YES;
				CLANG_WARN_EMPTY_BODY = YES;
				CLANG_WARN_ENUM_CONVERSION = YES;
				CLANG_WARN_INFINITE_RECURSION = YES;
				CLANG_WARN_INT_CONVERSION = YES;
				CLANG_WARN_NON_LITERAL_NULL_CONVERSION = YES;
				CLANG_WARN_OBJC_IMPLICIT_RETAIN_SELF = YES;
				CLANG_WARN_OBJC_LITERAL_CONVERSION = YES;
				CLANG_WARN_OBJC_ROOT_CLASS = YES_ERROR;
				CLANG_WARN_QUOTED_INCLUDE_IN_FRAMEWORK_HEADER = YES;
				CLANG_WARN_RANGE_LOOP_ANALYSIS = YES;
				CLANG_WARN_STRICT_PROTOTYPES = YES;
				CLANG_WARN_SUSPICIOUS_MOVE = YES;
				CLANG_WARN_UNGUARDED_AVAILABILITY = YES_AGGRESSIVE;
				CLANG_WARN_UNREACHABLE_CODE = YES;
				CLANG_WARN__DUPLICATE_METHOD_MATCH = YES;
				COPY_PHASE_STRIP = NO;
				DEBUG_INFORMATION_FORMAT = dwarf;
				ENABLE_STRICT_OBJC_MSGSEND = YES;
				ENABLE_TESTABILITY = YES;
				GCC_C_LANGUAGE_STANDARD = gnu11;
				GCC_DYNAMIC_NO_PIC = NO;
				GCC_NO_COMMON_BLOCKS = YES;
				GCC_OPTIMIZATION_LEVEL = 0;
				GCC_PREPROCESSOR_DEFINITIONS = (
					"DEBUG=1",
					"$(inherited)",
				);
				GCC_WARN_64_TO_32_BIT_CONVERSION = YES;
				GCC_WARN_ABOUT_RETURN_TYPE = YES_ERROR;
				GCC_WARN_UNDECLARED_SELECTOR = YES;
				GCC_WARN_UNINITIALIZED_AUTOS = YES_AGGRESSIVE;
				GCC_WARN_UNUSED_FUNCTION = YES;
				GCC_WARN_UNUSED_VARIABLE = YES;
				IPHONEOS_DEPLOYMENT_TARGET = 16.4;
				MTL_ENABLE_DEBUG_INFO = INCLUDE_SOURCE;
				MTL_FAST_MATH = YES;
				ONLY_ACTIVE_ARCH = YES;
				SDKROOT = iphoneos;
				SWIFT_ACTIVE_COMPILATION_CONDITIONS = DEBUG;
				SWIFT_OPTIMIZATION_LEVEL = "-Onone";
			};
			name = Debug;
		};
		738573D92A21982F00639595 /* Release */ = {
			isa = XCBuildConfiguration;
			buildSettings = {
				ALWAYS_SEARCH_USER_PATHS = NO;
				CLANG_ANALYZER_NONNULL = YES;
				CLANG_ANALYZER_NUMBER_OBJECT_CONVERSION = YES_AGGRESSIVE;
				CLANG_CXX_LANGUAGE_STANDARD = "gnu++20";
				CLANG_ENABLE_MODULES = YES;
				CLANG_ENABLE_OBJC_ARC = YES;
				CLANG_ENABLE_OBJC_WEAK = YES;
				CLANG_WARN_BLOCK_CAPTURE_AUTORELEASING = YES;
				CLANG_WARN_BOOL_CONVERSION = YES;
				CLANG_WARN_COMMA = YES;
				CLANG_WARN_CONSTANT_CONVERSION = YES;
				CLANG_WARN_DEPRECATED_OBJC_IMPLEMENTATIONS = YES;
				CLANG_WARN_DIRECT_OBJC_ISA_USAGE = YES_ERROR;
				CLANG_WARN_DOCUMENTATION_COMMENTS = YES;
				CLANG_WARN_EMPTY_BODY = YES;
				CLANG_WARN_ENUM_CONVERSION = YES;
				CLANG_WARN_INFINITE_RECURSION = YES;
				CLANG_WARN_INT_CONVERSION = YES;
				CLANG_WARN_NON_LITERAL_NULL_CONVERSION = YES;
				CLANG_WARN_OBJC_IMPLICIT_RETAIN_SELF = YES;
				CLANG_WARN_OBJC_LITERAL_CONVERSION = YES;
				CLANG_WARN_OBJC_ROOT_CLASS = YES_ERROR;
				CLANG_WARN_QUOTED_INCLUDE_IN_FRAMEWORK_HEADER = YES;
				CLANG_WARN_RANGE_LOOP_ANALYSIS = YES;
				CLANG_WARN_STRICT_PROTOTYPES = YES;
				CLANG_WARN_SUSPICIOUS_MOVE = YES;
				CLANG_WARN_UNGUARDED_AVAILABILITY = YES_AGGRESSIVE;
				CLANG_WARN_UNREACHABLE_CODE = YES;
				CLANG_WARN__DUPLICATE_METHOD_MATCH = YES;
				COPY_PHASE_STRIP = NO;
				DEBUG_INFORMATION_FORMAT = "dwarf-with-dsym";
				ENABLE_NS_ASSERTIONS = NO;
				ENABLE_STRICT_OBJC_MSGSEND = YES;
				GCC_C_LANGUAGE_STANDARD = gnu11;
				GCC_NO_COMMON_BLOCKS = YES;
				GCC_WARN_64_TO_32_BIT_CONVERSION = YES;
				GCC_WARN_ABOUT_RETURN_TYPE = YES_ERROR;
				GCC_WARN_UNDECLARED_SELECTOR = YES;
				GCC_WARN_UNINITIALIZED_AUTOS = YES_AGGRESSIVE;
				GCC_WARN_UNUSED_FUNCTION = YES;
				GCC_WARN_UNUSED_VARIABLE = YES;
				IPHONEOS_DEPLOYMENT_TARGET = 16.4;
				MTL_ENABLE_DEBUG_INFO = NO;
				MTL_FAST_MATH = YES;
				SDKROOT = iphoneos;
				SWIFT_COMPILATION_MODE = wholemodule;
				SWIFT_OPTIMIZATION_LEVEL = "-O";
				VALIDATE_PRODUCT = YES;
			};
			name = Release;
		};
		738573DB2A21982F00639595 /* Debug */ = {
			isa = XCBuildConfiguration;
			buildSettings = {
				ASSETCATALOG_COMPILER_APPICON_NAME = AppIcon;
				ASSETCATALOG_COMPILER_GLOBAL_ACCENT_COLOR_NAME = AccentColor;
				CODE_SIGN_STYLE = Automatic;
				CURRENT_PROJECT_VERSION = 1;
				DEVELOPMENT_ASSET_PATHS = "\"Instragranclon/Preview Content\"";
				ENABLE_PREVIEWS = YES;
				GENERATE_INFOPLIST_FILE = YES;
				INFOPLIST_KEY_UIApplicationSceneManifest_Generation = YES;
				INFOPLIST_KEY_UIApplicationSupportsIndirectInputEvents = YES;
				INFOPLIST_KEY_UILaunchScreen_Generation = YES;
				INFOPLIST_KEY_UISupportedInterfaceOrientations_iPad = "UIInterfaceOrientationPortrait UIInterfaceOrientationPortraitUpsideDown UIInterfaceOrientationLandscapeLeft UIInterfaceOrientationLandscapeRight";
				INFOPLIST_KEY_UISupportedInterfaceOrientations_iPhone = "UIInterfaceOrientationPortrait UIInterfaceOrientationLandscapeLeft UIInterfaceOrientationLandscapeRight";
				LD_RUNPATH_SEARCH_PATHS = (
					"$(inherited)",
					"@executable_path/Frameworks",
				);
				MARKETING_VERSION = 1.0;
				PRODUCT_BUNDLE_IDENTIFIER = com.buscaris.em.Instragranclon;
				PRODUCT_NAME = "$(TARGET_NAME)";
				SWIFT_EMIT_LOC_STRINGS = YES;
				SWIFT_VERSION = 5.0;
				TARGETED_DEVICE_FAMILY = "1,2";
			};
			name = Debug;
		};
		738573DC2A21982F00639595 /* Release */ = {
			isa = XCBuildConfiguration;
			buildSettings = {
				ASSETCATALOG_COMPILER_APPICON_NAME = AppIcon;
				ASSETCATALOG_COMPILER_GLOBAL_ACCENT_COLOR_NAME = AccentColor;
				CODE_SIGN_STYLE = Automatic;
				CURRENT_PROJECT_VERSION = 1;
				DEVELOPMENT_ASSET_PATHS = "\"Instragranclon/Preview Content\"";
				ENABLE_PREVIEWS = YES;
				GENERATE_INFOPLIST_FILE = YES;
				INFOPLIST_KEY_UIApplicationSceneManifest_Generation = YES;
				INFOPLIST_KEY_UIApplicationSupportsIndirectInputEvents = YES;
				INFOPLIST_KEY_UILaunchScreen_Generation = YES;
				INFOPLIST_KEY_UISupportedInterfaceOrientations_iPad = "UIInterfaceOrientationPortrait UIInterfaceOrientationPortraitUpsideDown UIInterfaceOrientationLandscapeLeft UIInterfaceOrientationLandscapeRight";
				INFOPLIST_KEY_UISupportedInterfaceOrientations_iPhone = "UIInterfaceOrientationPortrait UIInterfaceOrientationLandscapeLeft UIInterfaceOrientationLandscapeRight";
				LD_RUNPATH_SEARCH_PATHS = (
					"$(inherited)",
					"@executable_path/Frameworks",
				);
				MARKETING_VERSION = 1.0;
				PRODUCT_BUNDLE_IDENTIFIER = com.buscaris.em.Instragranclon;
				PRODUCT_NAME = "$(TARGET_NAME)";
				SWIFT_EMIT_LOC_STRINGS = YES;
				SWIFT_VERSION = 5.0;
				TARGETED_DEVICE_FAMILY = "1,2";
			};
			name = Release;
		};
/* End XCBuildConfiguration section */

/* Begin XCConfigurationList section */
		738573C72A21982D00639595 /* Build configuration list for PBXProject "Instragranclon" */ = {
			isa = XCConfigurationList;
			buildConfigurations = (
				738573D82A21982F00639595 /* Debug */,
				738573D92A21982F00639595 /* Release */,
			);
			defaultConfigurationIsVisible = 0;
			defaultConfigurationName = Release;
		};
		738573DA2A21982F00639595 /* Build configuration list for PBXNativeTarget "Instragranclon" */ = {
			isa = XCConfigurationList;
			buildConfigurations = (
				738573DB2A21982F00639595 /* Debug */,
				738573DC2A21982F00639595 /* Release */,
			);
			defaultConfigurationIsVisible = 0;
			defaultConfigurationName = Release;
		};
/* End XCConfigurationList section */
	};
	rootObject = 738573C42A21982D00639595 /* Project object */;
}
